
Microsoft Visual Studio Solution File, Format Version 12.00
# Visual Studio 2013
VisualStudioVersion = 12.0.40629.0
MinimumVisualStudioVersion = 10.0.40219.1
Project("{FAE04EC0-301F-11D3-BF4B-00C04F79EFBC}") = "DoingTheDirty", "DoingTheDirty\DoingTheDirty.csproj", "{FD15E451-D3D9-4A46-AADC-9BFC4339A0E7}"
EndProject
Project("{FAE04EC0-301F-11D3-BF4B-00C04F79EFBC}") = "DoingTheDirty.Test", "DoingTheDirty.Test\DoingTheDirty.Test.csproj", "{8CB8A1C0-B8BA-40DF-BDC2-A226EB96DC76}"
EndProject
Project("{FAE04EC0-301F-11D3-BF4B-00C04F79EFBC}") = "DoingTheDirty.Api", "DoingTheDirty.Api\DoingTheDirty.Api.csproj", "{2930DA84-C5B4-4B65-8E5F-E30A54BF14E5}"
EndProject
Global
	GlobalSection(SolutionConfigurationPlatforms) = preSolution
		Debug|Any CPU = Debug|Any CPU
		Release|Any CPU = Release|Any CPU
	EndGlobalSection
	GlobalSection(ProjectConfigurationPlatforms) = postSolution
		{FD15E451-D3D9-4A46-AADC-9BFC4339A0E7}.Debug|Any CPU.ActiveCfg = Debug|Any CPU
		{FD15E451-D3D9-4A46-AADC-9BFC4339A0E7}.Debug|Any CPU.Build.0 = Debug|Any CPU
		{FD15E451-D3D9-4A46-AADC-9BFC4339A0E7}.Release|Any CPU.ActiveCfg = Release|Any CPU
		{FD15E451-D3D9-4A46-AADC-9BFC4339A0E7}.Release|Any CPU.Build.0 = Release|Any CPU
		{8CB8A1C0-B8BA-40DF-BDC2-A226EB96DC76}.Debug|Any CPU.ActiveCfg = Debug|Any CPU
		{8CB8A1C0-B8BA-40DF-BDC2-A226EB96DC76}.Debug|Any CPU.Build.0 = Debug|Any CPU
		{8CB8A1C0-B8BA-40DF-BDC2-A226EB96DC76}.Release|Any CPU.ActiveCfg = Release|Any CPU
		{8CB8A1C0-B8BA-40DF-BDC2-A226EB96DC76}.Release|Any CPU.Build.0 = Release|Any CPU
		{2930DA84-C5B4-4B65-8E5F-E30A54BF14E5}.Debug|Any CPU.ActiveCfg = Debug|Any CPU
		{2930DA84-C5B4-4B65-8E5F-E30A54BF14E5}.Debug|Any CPU.Build.0 = Debug|Any CPU
		{2930DA84-C5B4-4B65-8E5F-E30A54BF14E5}.Release|Any CPU.ActiveCfg = Release|Any CPU
		{2930DA84-C5B4-4B65-8E5F-E30A54BF14E5}.Release|Any CPU.Build.0 = Release|Any CPU
	EndGlobalSection
	GlobalSection(SolutionProperties) = preSolution
		HideSolutionNode = FALSE
	EndGlobalSection
EndGlobal
