
Microsoft Visual Studio Solution File, Format Version 12.00
# Visual Studio 15
VisualStudioVersion = 15.0.28307.271
MinimumVisualStudioVersion = 10.0.40219.1
Project("{FAE04EC0-301F-11D3-BF4B-00C04F79EFBC}") = "BrightspaceXmlExamToPdf.Lib", "BrightspaceXmlExamToPdf\BrightspaceXmlExamToPdf.Lib.csproj", "{DAF0AC43-DA5E-4006-9901-2AC22E56DB79}"
EndProject
Project("{FAE04EC0-301F-11D3-BF4B-00C04F79EFBC}") = "BrightspaceXmlExamToPdf.Test", "BrightspaceXmlExamToPdf.Test\BrightspaceXmlExamToPdf.Test.csproj", "{87C0389F-6BAD-42E6-8EB9-32FFCDA8B11C}"
EndProject
Project("{FAE04EC0-301F-11D3-BF4B-00C04F79EFBC}") = "BrightspaceXmlExamToPdf.Cli", "BrightspaceXmlExamToPdf.Cli\BrightspaceXmlExamToPdf.Cli.csproj", "{43097423-D92A-4051-A4D2-E09B77B8BEA6}"
EndProject
Global
	GlobalSection(SolutionConfigurationPlatforms) = preSolution
		Debug|Any CPU = Debug|Any CPU
		Release|Any CPU = Release|Any CPU
	EndGlobalSection
	GlobalSection(ProjectConfigurationPlatforms) = postSolution
		{DAF0AC43-DA5E-4006-9901-2AC22E56DB79}.Debug|Any CPU.ActiveCfg = Debug|Any CPU
		{DAF0AC43-DA5E-4006-9901-2AC22E56DB79}.Debug|Any CPU.Build.0 = Debug|Any CPU
		{DAF0AC43-DA5E-4006-9901-2AC22E56DB79}.Release|Any CPU.ActiveCfg = Release|Any CPU
		{DAF0AC43-DA5E-4006-9901-2AC22E56DB79}.Release|Any CPU.Build.0 = Release|Any CPU
		{87C0389F-6BAD-42E6-8EB9-32FFCDA8B11C}.Debug|Any CPU.ActiveCfg = Debug|Any CPU
		{87C0389F-6BAD-42E6-8EB9-32FFCDA8B11C}.Debug|Any CPU.Build.0 = Debug|Any CPU
		{87C0389F-6BAD-42E6-8EB9-32FFCDA8B11C}.Release|Any CPU.ActiveCfg = Release|Any CPU
		{87C0389F-6BAD-42E6-8EB9-32FFCDA8B11C}.Release|Any CPU.Build.0 = Release|Any CPU
		{43097423-D92A-4051-A4D2-E09B77B8BEA6}.Debug|Any CPU.ActiveCfg = Debug|Any CPU
		{43097423-D92A-4051-A4D2-E09B77B8BEA6}.Debug|Any CPU.Build.0 = Debug|Any CPU
		{43097423-D92A-4051-A4D2-E09B77B8BEA6}.Release|Any CPU.ActiveCfg = Release|Any CPU
		{43097423-D92A-4051-A4D2-E09B77B8BEA6}.Release|Any CPU.Build.0 = Release|Any CPU
	EndGlobalSection
	GlobalSection(SolutionProperties) = preSolution
		HideSolutionNode = FALSE
	EndGlobalSection
	GlobalSection(ExtensibilityGlobals) = postSolution
		SolutionGuid = {09D934FA-67A0-4876-9BC5-9B2B0F5615F3}
	EndGlobalSection
EndGlobal
