
Microsoft Visual Studio Solution File, Format Version 12.00
# Visual Studio 2013
VisualStudioVersion = 12.0.30723.0
MinimumVisualStudioVersion = 10.0.40219.1
Project("{FAE04EC0-301F-11D3-BF4B-00C04F79EFBC}") = "PlexHelper.Test", "PlexHelper.Test\PlexHelper.Test.csproj", "{0BD7CAA8-FE13-46FC-A360-3E6379D3F5F3}"
EndProject
Project("{FAE04EC0-301F-11D3-BF4B-00C04F79EFBC}") = "PlexHelper", "PlexHelper\PlexHelper.csproj", "{DD844FC0-216D-411A-98B4-0B26A3A808A1}"
EndProject
Global
	GlobalSection(SolutionConfigurationPlatforms) = preSolution
		Debug|Any CPU = Debug|Any CPU
		Release|Any CPU = Release|Any CPU
	EndGlobalSection
	GlobalSection(ProjectConfigurationPlatforms) = postSolution
		{0BD7CAA8-FE13-46FC-A360-3E6379D3F5F3}.Debug|Any CPU.ActiveCfg = Debug|Any CPU
		{0BD7CAA8-FE13-46FC-A360-3E6379D3F5F3}.Debug|Any CPU.Build.0 = Debug|Any CPU
		{0BD7CAA8-FE13-46FC-A360-3E6379D3F5F3}.Release|Any CPU.ActiveCfg = Release|Any CPU
		{0BD7CAA8-FE13-46FC-A360-3E6379D3F5F3}.Release|Any CPU.Build.0 = Release|Any CPU
		{DD844FC0-216D-411A-98B4-0B26A3A808A1}.Debug|Any CPU.ActiveCfg = Debug|Any CPU
		{DD844FC0-216D-411A-98B4-0B26A3A808A1}.Debug|Any CPU.Build.0 = Debug|Any CPU
		{DD844FC0-216D-411A-98B4-0B26A3A808A1}.Release|Any CPU.ActiveCfg = Release|Any CPU
		{DD844FC0-216D-411A-98B4-0B26A3A808A1}.Release|Any CPU.Build.0 = Release|Any CPU
	EndGlobalSection
	GlobalSection(SolutionProperties) = preSolution
		HideSolutionNode = FALSE
	EndGlobalSection
EndGlobal
