
Microsoft Visual Studio Solution File, Format Version 12.00
# Visual Studio 15
VisualStudioVersion = 15.0.28307.271
MinimumVisualStudioVersion = 10.0.40219.1
Project("{FAE04EC0-301F-11D3-BF4B-00C04F79EFBC}") = "IntegrityBuilders.Site", "IntegrityBuilders.Site\IntegrityBuilders.Site.csproj", "{A118FAEB-BB65-4B1C-9CCC-4FAC77E55FA5}"
EndProject
Global
	GlobalSection(SolutionConfigurationPlatforms) = preSolution
		Debug|Any CPU = Debug|Any CPU
		Release|Any CPU = Release|Any CPU
	EndGlobalSection
	GlobalSection(ProjectConfigurationPlatforms) = postSolution
		{A118FAEB-BB65-4B1C-9CCC-4FAC77E55FA5}.Debug|Any CPU.ActiveCfg = Debug|Any CPU
		{A118FAEB-BB65-4B1C-9CCC-4FAC77E55FA5}.Debug|Any CPU.Build.0 = Debug|Any CPU
		{A118FAEB-BB65-4B1C-9CCC-4FAC77E55FA5}.Release|Any CPU.ActiveCfg = Release|Any CPU
		{A118FAEB-BB65-4B1C-9CCC-4FAC77E55FA5}.Release|Any CPU.Build.0 = Release|Any CPU
	EndGlobalSection
	GlobalSection(SolutionProperties) = preSolution
		HideSolutionNode = FALSE
	EndGlobalSection
	GlobalSection(ExtensibilityGlobals) = postSolution
		SolutionGuid = {0E79677B-8FDC-4698-AD7F-3E4008D2CAEF}
	EndGlobalSection
EndGlobal
